
Microsoft Visual Studio Solution File, Format Version 12.00
# Visual Studio 2012
Project("{FAE04EC0-301F-11D3-BF4B-00C04F79EFBC}") = "SpaceShipTest.logic", "SpaceShipTest.logic\SpaceShipTest.logic.csproj", "{EB408C8F-2138-403C-BAE8-9FBEB0CA9A72}"
EndProject
Project("{FAE04EC0-301F-11D3-BF4B-00C04F79EFBC}") = "SpaceShipTest.view", "SpaceShipTest.view\SpaceShipTest.view.csproj", "{C41FEBDD-F9D9-4811-88F9-92291AD6C407}"
EndProject
Project("{FAE04EC0-301F-11D3-BF4B-00C04F79EFBC}") = "SpaceShipTest.service", "SpaceShipTest.service\SpaceShipTest.service.csproj", "{20C735E6-C560-43FD-8E88-2C325AA64DA8}"
EndProject
Global
	GlobalSection(SolutionConfigurationPlatforms) = preSolution
		Debug|Any CPU = Debug|Any CPU
		Release|Any CPU = Release|Any CPU
	EndGlobalSection
	GlobalSection(ProjectConfigurationPlatforms) = postSolution
		{EB408C8F-2138-403C-BAE8-9FBEB0CA9A72}.Debug|Any CPU.ActiveCfg = Debug|Any CPU
		{EB408C8F-2138-403C-BAE8-9FBEB0CA9A72}.Debug|Any CPU.Build.0 = Debug|Any CPU
		{EB408C8F-2138-403C-BAE8-9FBEB0CA9A72}.Release|Any CPU.ActiveCfg = Release|Any CPU
		{EB408C8F-2138-403C-BAE8-9FBEB0CA9A72}.Release|Any CPU.Build.0 = Release|Any CPU
		{C41FEBDD-F9D9-4811-88F9-92291AD6C407}.Debug|Any CPU.ActiveCfg = Debug|Any CPU
		{C41FEBDD-F9D9-4811-88F9-92291AD6C407}.Debug|Any CPU.Build.0 = Debug|Any CPU
		{C41FEBDD-F9D9-4811-88F9-92291AD6C407}.Release|Any CPU.ActiveCfg = Release|Any CPU
		{C41FEBDD-F9D9-4811-88F9-92291AD6C407}.Release|Any CPU.Build.0 = Release|Any CPU
		{20C735E6-C560-43FD-8E88-2C325AA64DA8}.Debug|Any CPU.ActiveCfg = Debug|Any CPU
		{20C735E6-C560-43FD-8E88-2C325AA64DA8}.Debug|Any CPU.Build.0 = Debug|Any CPU
		{20C735E6-C560-43FD-8E88-2C325AA64DA8}.Release|Any CPU.ActiveCfg = Release|Any CPU
		{20C735E6-C560-43FD-8E88-2C325AA64DA8}.Release|Any CPU.Build.0 = Release|Any CPU
	EndGlobalSection
	GlobalSection(SolutionProperties) = preSolution
		HideSolutionNode = FALSE
	EndGlobalSection
EndGlobal
