
Microsoft Visual Studio Solution File, Format Version 12.00
# Visual Studio 2012
Project("{FAE04EC0-301F-11D3-BF4B-00C04F79EFBC}") = "DrawGame.view", "DrawGame.view\DrawGame.view.csproj", "{C3DAB26C-A001-4415-B209-0717FB80B901}"
EndProject
Project("{FAE04EC0-301F-11D3-BF4B-00C04F79EFBC}") = "DrawGame.logic", "DrawGame.logic\DrawGame.logic.csproj", "{1819F9C6-EE5A-49E5-B2C5-7314B1930962}"
EndProject
Global
	GlobalSection(SolutionConfigurationPlatforms) = preSolution
		Debug|Any CPU = Debug|Any CPU
		Release|Any CPU = Release|Any CPU
	EndGlobalSection
	GlobalSection(ProjectConfigurationPlatforms) = postSolution
		{C3DAB26C-A001-4415-B209-0717FB80B901}.Debug|Any CPU.ActiveCfg = Debug|Any CPU
		{C3DAB26C-A001-4415-B209-0717FB80B901}.Debug|Any CPU.Build.0 = Debug|Any CPU
		{C3DAB26C-A001-4415-B209-0717FB80B901}.Release|Any CPU.ActiveCfg = Release|Any CPU
		{C3DAB26C-A001-4415-B209-0717FB80B901}.Release|Any CPU.Build.0 = Release|Any CPU
		{1819F9C6-EE5A-49E5-B2C5-7314B1930962}.Debug|Any CPU.ActiveCfg = Debug|Any CPU
		{1819F9C6-EE5A-49E5-B2C5-7314B1930962}.Debug|Any CPU.Build.0 = Debug|Any CPU
		{1819F9C6-EE5A-49E5-B2C5-7314B1930962}.Release|Any CPU.ActiveCfg = Release|Any CPU
		{1819F9C6-EE5A-49E5-B2C5-7314B1930962}.Release|Any CPU.Build.0 = Release|Any CPU
	EndGlobalSection
	GlobalSection(SolutionProperties) = preSolution
		HideSolutionNode = FALSE
	EndGlobalSection
EndGlobal
